{
  "name": "sqlite",
  "version": "1.0.0",
  "lockfileVersion": 1,
  "dependencies": {
    "database-js-sqlite": {
      "version": "1.0.3",
      "resolved": "https://registry.npmjs.org/database-js-sqlite/-/database-js-sqlite-1.0.3.tgz",
      "integrity": "sha512-QQJL3UYfI2PAodfySyOpwCG3GdC8pk/yBtZquoJG0g8WNj4d8EB4PbMvK6ikRaUzmpQFo/W9VPq0tXsu4QnkNQ=="
    },
    "database-js2": {
      "version": "1.0.2",
      "resolved": "https://registry.npmjs.org/database-js2/-/database-js2-1.0.2.tgz",
      "integrity": "sha512-gwYj77ouJTXh5inpR9A4ugSKQDiGYP1m4kcJ4+1pgk0cpmE1MHh/Vupom8d9+APuH19JutSIGY318gk4GmtjUQ=="
    },
    "sql.js": {
      "version": "0.4.0",
      "resolved": "https://registry.npmjs.org/sql.js/-/sql.js-0.4.0.tgz",
      "integrity": "sha1-I76WNVIOsP9Dp0Hn6DA5cmbohEU="
    }
  }
}
