{
  "name": "sqlite",
  "version": "1.0.0",
  "lockfileVersion": 1,
  "dependencies": {
    "database-js-sqlite": {
      "version": "1.0.3",
      "resolved": "https://registry.npmjs.org/database-js-sqlite/-/database-js-sqlite-1.0.3.tgz",
      "integrity": "sha512-QQJL3UYfI2PAodfySyOpwCG3GdC8pk/yBtZquoJG0g8WNj4d8EB4PbMvK6ikRaUzmpQFo/W9VPq0tXsu4QnkNQ=="
    },
    "database-js2": {
      "version": "0.1.5",
      "resolved": "https://registry.npmjs.org/database-js2/-/database-js2-0.1.5.tgz",
      "integrity": "sha512-vTPe3rMcYxjs5p5hMe1Oa2FTAeaARRSf84Om6uXchp4Wnu+AJrjh7unHgjq3yzy2YWkR7MnyYyya8NYQhNVCAw=="
    },
    "sql.js": {
      "version": "0.4.0",
      "resolved": "https://registry.npmjs.org/sql.js/-/sql.js-0.4.0.tgz",
      "integrity": "sha1-I76WNVIOsP9Dp0Hn6DA5cmbohEU="
    }
  }
}
